
Microsoft Visual Studio Solution File, Format Version 12.00
# Visual Studio 15
VisualStudioVersion = 15.0.28307.705
MinimumVisualStudioVersion = 10.0.40219.1
Project("{FAE04EC0-301F-11D3-BF4B-00C04F79EFBC}") = "SPC", "SPC\SPC.csproj", "{EC5A4978-C927-4253-9904-E93D3225CD94}"
EndProject
Global
	GlobalSection(SolutionConfigurationPlatforms) = preSolution
		Debug|Any CPU = Debug|Any CPU
		Release|Any CPU = Release|Any CPU
	EndGlobalSection
	GlobalSection(ProjectConfigurationPlatforms) = postSolution
		{EC5A4978-C927-4253-9904-E93D3225CD94}.Debug|Any CPU.ActiveCfg = Debug|Any CPU
		{EC5A4978-C927-4253-9904-E93D3225CD94}.Debug|Any CPU.Build.0 = Debug|Any CPU
		{EC5A4978-C927-4253-9904-E93D3225CD94}.Release|Any CPU.ActiveCfg = Release|Any CPU
		{EC5A4978-C927-4253-9904-E93D3225CD94}.Release|Any CPU.Build.0 = Release|Any CPU
	EndGlobalSection
	GlobalSection(SolutionProperties) = preSolution
		HideSolutionNode = FALSE
	EndGlobalSection
	GlobalSection(ExtensibilityGlobals) = postSolution
		SolutionGuid = {493C3E39-BDCE-4316-81B7-94E6B9ADE5DE}
	EndGlobalSection
EndGlobal
